{
  "name": "image_shift",
  "version": "1.0.0",
  "lockfileVersion": 2,
  "requires": true,
  "packages": {
    "": {
      "version": "1.0.0",
      "license": "ISC",
      "dependencies": {
        "koa-multer": "^1.0.2"
      }
    },
    "node_modules/_koa-multer@1.0.2@koa-multer": {
      "name": "koa-multer",
      "version": "1.0.2",
      "license": "MIT",
      "dependencies": {
        "multer": "1.3.0"
      },
      "engines": {
        "node": ">= 4"
      }
    },
    "node_modules/_koa-multer@1.0.2@koa-multer/node_modules/multer": {
      "resolved": "node_modules/_multer@1.3.0@multer",
      "link": true
    },
    "node_modules/koa-multer": {
      "resolved": "node_modules/_koa-multer@1.0.2@koa-multer",
      "link": true
    }
  },
  "dependencies": {
    "_koa-multer@1.0.2@koa-multer": {
      "version": "npm:koa-multer@1.0.2",
      "requires": {
        "multer": "1.3.0"
      },
      "dependencies": {
        "multer": {
          "version": "1.3.0"
        }
      }
    },
    "koa-multer": {
      "version": "file:node_modules/_koa-multer@1.0.2@koa-multer",
      "requires": {
        "multer": "1.3.0"
      },
      "dependencies": {
        "multer": {
          "version": "1.3.0"
        }
      }
    }
  }
}
